
Microsoft Visual Studio Solution File, Format Version 12.00
# Visual Studio Version 17
VisualStudioVersion = 17.3.32929.385
MinimumVisualStudioVersion = 10.0.40219.1
Project("{FAE04EC0-301F-11D3-BF4B-00C04F79EFBC}") = "EFCore_Cascading_Dropdown", "EFCore_Cascading_Dropdown.csproj", "{7E3AEE9A-0AA2-4B9B-A067-6C2A5313B00D}"
EndProject
Global
	GlobalSection(SolutionConfigurationPlatforms) = preSolution
		Debug|Any CPU = Debug|Any CPU
		Release|Any CPU = Release|Any CPU
	EndGlobalSection
	GlobalSection(ProjectConfigurationPlatforms) = postSolution
		{7E3AEE9A-0AA2-4B9B-A067-6C2A5313B00D}.Debug|Any CPU.ActiveCfg = Debug|Any CPU
		{7E3AEE9A-0AA2-4B9B-A067-6C2A5313B00D}.Debug|Any CPU.Build.0 = Debug|Any CPU
		{7E3AEE9A-0AA2-4B9B-A067-6C2A5313B00D}.Release|Any CPU.ActiveCfg = Release|Any CPU
		{7E3AEE9A-0AA2-4B9B-A067-6C2A5313B00D}.Release|Any CPU.Build.0 = Release|Any CPU
	EndGlobalSection
	GlobalSection(SolutionProperties) = preSolution
		HideSolutionNode = FALSE
	EndGlobalSection
	GlobalSection(ExtensibilityGlobals) = postSolution
		SolutionGuid = {2C7C4C38-9BAB-4F34-90CD-D3DC7247B720}
	EndGlobalSection
EndGlobal
